lockfileVersion: '6.0'

settings:
  autoInstallPeers: true
  excludeLinksFromLockfile: false

dependencies:
  '@bombitmanbomb/neosjs':
    specifier: ^1.9.0
    version: 1.9.0(neosjs-commands@1.0.1)(neosjs-headless-interface@2.2.1)
  neosjs-commands:
    specifier: ^1.0.1
    version: 1.0.1(@bombitmanbomb/neosjs@1.9.0)
  neosjs-headless-interface:
    specifier: ^2.2.1
    version: 2.2.1(@bombitmanbomb/neosjs@1.9.0)

packages:

  /@bombitmanbomb/neosjs@1.9.0(neosjs-commands@1.0.1)(neosjs-headless-interface@2.2.1):
    resolution: {integrity: sha512-uofqGTM6VYZh1suG5v1BqO3F5ER8euZSfrfZbBI2Az6uHli3sE/IQZ/wG+qHvXxhDsWEICHYiwWNPE+Y2xJu7A==}
    engines: {node: '>=12.0.0'}
    peerDependencies:
      neosjs-commands: ^1.0.0
      neosjs-headless-interface: ^1.0.0
    peerDependenciesMeta:
      neosjs-commands:
        optional: true
      neosjs-headless-interface:
        optional: true
    dependencies:
      crypto-js: 4.2.0
      decimal.js: 10.2.1
      neosjs-commands: 1.0.1(@bombitmanbomb/neosjs@1.9.0)
      neosjs-headless-interface: 2.2.1(@bombitmanbomb/neosjs@1.9.0)
      node-fetch: 2.6.1
      uri-js: 4.4.0
      uuid: 8.3.1
    dev: false

  /crypto-js@4.2.0:
    resolution: {integrity: sha512-KALDyEYgpY+Rlob/iriUtjV6d5Eq+Y191A5g4UqLAi8CyGP9N1+FdVbkc1SxKc2r4YAYqG8JzO2KGL+AizD70Q==}
    dev: false

  /decimal.js@10.2.1:
    resolution: {integrity: sha512-KaL7+6Fw6i5A2XSnsbhm/6B+NuEA7TZ4vqxnd5tXz9sbKtrN9Srj8ab4vKVdK8YAqZO9P1kg45Y6YLoduPf+kw==}
    dev: false

  /neosjs-commands@1.0.1(@bombitmanbomb/neosjs@1.9.0):
    resolution: {integrity: sha512-0G2Sguly86c4S0ccPEWy0L9dK0GsEll/dYw7V1D6WnXyfW5WjK3H7pul0l3pvIsmDJ6VVu2hN6JefuLuEArUrg==}
    peerDependencies:
      '@bombitmanbomb/neosjs': ^1.8.0
    dependencies:
      '@bombitmanbomb/neosjs': 1.9.0(neosjs-commands@1.0.1)(neosjs-headless-interface@2.2.1)
    dev: false

  /neosjs-headless-interface@2.2.1(@bombitmanbomb/neosjs@1.9.0):
    resolution: {integrity: sha512-0WyOQRgvSF3c5Ejv72w+lp46fxMKTnweNmxhDueVZyX/Ylr2IQVWDaa640y6sWEOpZu9FpSq3JK9DqSmggRIGQ==}
    os: ['!darwin']
    peerDependencies:
      '@bombitmanbomb/neosjs': ^1.8.0
    peerDependenciesMeta:
      '@bombitmanbomb/neosjs':
        optional: true
    dependencies:
      '@bombitmanbomb/neosjs': 1.9.0(neosjs-commands@1.0.1)(neosjs-headless-interface@2.2.1)
    dev: false

  /node-fetch@2.6.1:
    resolution: {integrity: sha512-V4aYg89jEoVRxRb2fJdAg8FHvI7cEyYdVAh94HH0UIK8oJxUfkjlDQN9RbMx+bEjP7+ggMiFRprSti032Oipxw==}
    engines: {node: 4.x || >=6.0.0}
    dev: false

  /punycode@2.1.1:
    resolution: {integrity: sha512-XRsRjdf+j5ml+y/6GKHPZbrF/8p2Yga0JPtdqTIY2Xe5ohJPD9saDJJLPvp9+NSBprVvevdXZybnj2cv8OEd0A==}
    engines: {node: '>=6'}
    dev: false

  /uri-js@4.4.0:
    resolution: {integrity: sha512-B0yRTzYdUCCn9n+F4+Gh4yIDtMQcaJsmYBDsTSG8g/OejKBodLQ2IHfN3bM7jUsRXndopT7OIXWdYqc1fjmV6g==}
    dependencies:
      punycode: 2.1.1
    dev: false

  /uuid@8.3.1:
    resolution: {integrity: sha512-FOmRr+FmWEIG8uhZv6C2bTgEVXsHk08kE7mPlrBbEe+c3r9pjceVPgupIfNIhc4yx55H69OXANrUaSuu9eInKg==}
    hasBin: true
    dev: false
